{
  "name": "ledgacy_dapp",
  "version": "0.1.0",
  "lockfileVersion": 1,
  "requires": true,
  "dependencies": {
    "oo7": {
      "version": "0.5.9",
      "resolved": "https://registry.npmjs.org/oo7/-/oo7-0.5.9.tgz",
      "integrity": "sha512-j7JqQLslLhCXvyX4mVnZaCBTleZCKNwIVxV3lqBirRCWPlj+yvbM0c3kXvQ9fokwBReu+sbF48ds2ufTb8k4Rg=="
    }
  }
}
